
Microsoft Visual Studio Solution File, Format Version 12.00
Project("{FAE04EC0-301F-11D3-BF4B-00C04F79EFBC}") = "ConsoleApp1", "ConsoleApp1\ConsoleApp1.csproj", "{35AD97D9-1B21-49CC-858F-98B4DC39F890}"
EndProject
Global
	GlobalSection(SolutionConfigurationPlatforms) = preSolution
		Debug|Any CPU = Debug|Any CPU
		Release|Any CPU = Release|Any CPU
	EndGlobalSection
	GlobalSection(ProjectConfigurationPlatforms) = postSolution
		{35AD97D9-1B21-49CC-858F-98B4DC39F890}.Debug|Any CPU.ActiveCfg = Debug|Any CPU
		{35AD97D9-1B21-49CC-858F-98B4DC39F890}.Debug|Any CPU.Build.0 = Debug|Any CPU
		{35AD97D9-1B21-49CC-858F-98B4DC39F890}.Release|Any CPU.ActiveCfg = Release|Any CPU
		{35AD97D9-1B21-49CC-858F-98B4DC39F890}.Release|Any CPU.Build.0 = Release|Any CPU
	EndGlobalSection
EndGlobal
